
Microsoft Visual Studio Solution File, Format Version 12.00
# Visual Studio 2012
Project("{FAE04EC0-301F-11D3-BF4B-00C04F79EFBC}") = "100_Doors", "100_Doors\100_Doors.csproj", "{AC8EC7C8-ACD9-4882-8EC1-25585AEBB6CA}"
EndProject
Project("{FAE04EC0-301F-11D3-BF4B-00C04F79EFBC}") = "BuySellApples", "BuySellApples\BuySellApples.csproj", "{B734511C-A148-43C3-8165-71FBA859393E}"
EndProject
Project("{FAE04EC0-301F-11D3-BF4B-00C04F79EFBC}") = "CalcSteps", "CalcSteps\CalcSteps.csproj", "{293F05F6-5B1E-46CE-8733-DDABDF629091}"
EndProject
Project("{FAE04EC0-301F-11D3-BF4B-00C04F79EFBC}") = "CountSort", "CountSort\CountSort.csproj", "{A640D769-B8BB-4245-9AD3-B65B64264A95}"
EndProject
Project("{FAE04EC0-301F-11D3-BF4B-00C04F79EFBC}") = "CourseScheduling", "CourseScheduling\CourseScheduling.csproj", "{7F1474B6-D0CE-46DD-82DB-B563D3A644A8}"
EndProject
Project("{FAE04EC0-301F-11D3-BF4B-00C04F79EFBC}") = "CyclicMatrix", "CyclicMatrix\CyclicMatrix.csproj", "{8DCF16F5-8459-4364-92AF-F1FD2067380E}"
EndProject
Project("{FAE04EC0-301F-11D3-BF4B-00C04F79EFBC}") = "ExpEval", "ExpEval\ExpEval.csproj", "{48D72EC4-0A95-4561-909B-5973DF979CB1}"
EndProject
Project("{FAE04EC0-301F-11D3-BF4B-00C04F79EFBC}") = "FindValueInSortedMatrix", "FindValueInSortedMatrix\FindValueInSortedMatrix.csproj", "{378D9ADC-A71F-4F30-9841-3750AFD48D77}"
EndProject
Project("{FAE04EC0-301F-11D3-BF4B-00C04F79EFBC}") = "LeastCommonAncestor", "LeastCommonAncestor\LeastCommonAncestor.csproj", "{68084A0F-7D2D-4A51-9922-96E88F75BBA8}"
EndProject
Project("{FAE04EC0-301F-11D3-BF4B-00C04F79EFBC}") = "MaxSequntialSum", "MaxSequntialSum\MaxSequntialSum.csproj", "{A26A4B79-6571-4B26-BEA7-380ABE5B4B8E}"
EndProject
Project("{FAE04EC0-301F-11D3-BF4B-00C04F79EFBC}") = "MaxWithoutContionalSentence", "MaxWithoutContionalSentence\MaxWithoutContionalSentence.csproj", "{834A379B-A9C4-41EB-8F56-F08E9A2A60A4}"
EndProject
Project("{FAE04EC0-301F-11D3-BF4B-00C04F79EFBC}") = "MeetingPoint", "MeetingPoint\MeetingPoint.csproj", "{61B947C3-3801-4CE9-BACB-E69851C8CD4E}"
EndProject
Project("{FAE04EC0-301F-11D3-BF4B-00C04F79EFBC}") = "Print1000WithoutConditionalClause", "Print1000WithoutConditionalClause\Print1000WithoutConditionalClause.csproj", "{B26CD5D1-63CA-4A35-970A-8593E5C071E5}"
EndProject
Project("{FAE04EC0-301F-11D3-BF4B-00C04F79EFBC}") = "Rearrange", "Rearrange\Rearrange.csproj", "{7D6F0C00-F257-461A-894F-31CC971D3136}"
EndProject
Project("{FAE04EC0-301F-11D3-BF4B-00C04F79EFBC}") = "ReverseWordsInString", "ReverseWordsInString\ReverseWordsInString.csproj", "{5FAB499D-8E2B-4ABE-9E0E-B3B9CB9A4A2E}"
EndProject
Project("{FAE04EC0-301F-11D3-BF4B-00C04F79EFBC}") = "ToChineseNumber", "ToChineseNumber\ToChineseNumber.csproj", "{4918039A-2E94-4DE0-93AD-56A353FDAE4D}"
EndProject
Project("{FAE04EC0-301F-11D3-BF4B-00C04F79EFBC}") = "TwoPartiesChoice", "TwoPartiesChoice\TwoPartiesChoice.csproj", "{9EE8AC9B-A7E9-46A6-84F8-6FC892B037EA}"
EndProject
Project("{FAE04EC0-301F-11D3-BF4B-00C04F79EFBC}") = "AllPermutations", "AllPermutation\AllPermutations.csproj", "{1B67104D-AFB4-40FE-A77E-8A849D1CA462}"
EndProject
Project("{FAE04EC0-301F-11D3-BF4B-00C04F79EFBC}") = "WordsStatistics", "WordStatistics\WordsStatistics.csproj", "{1FA22906-8072-4213-9300-7DD6FE00C20E}"
EndProject
Project("{FAE04EC0-301F-11D3-BF4B-00C04F79EFBC}") = "MinSequenceWithAllCharacters", "MinSequenceWithAllCharacters\MinSequenceWithAllCharacters.csproj", "{076053AA-491E-45BB-ACEF-8335D9346B7B}"
EndProject
Project("{FAE04EC0-301F-11D3-BF4B-00C04F79EFBC}") = "FarthestPairInArray", "FarthestPairInArray\FarthestPairInArray.csproj", "{A93F7CA3-842C-48B9-BF71-3370B05D179C}"
EndProject
Global
	GlobalSection(SolutionConfigurationPlatforms) = preSolution
		Debug|Any CPU = Debug|Any CPU
		Debug|Mixed Platforms = Debug|Mixed Platforms
		Debug|x86 = Debug|x86
		Release|Any CPU = Release|Any CPU
		Release|Mixed Platforms = Release|Mixed Platforms
		Release|x86 = Release|x86
	EndGlobalSection
	GlobalSection(ProjectConfigurationPlatforms) = postSolution
		{AC8EC7C8-ACD9-4882-8EC1-25585AEBB6CA}.Debug|Any CPU.ActiveCfg = Debug|x86
		{AC8EC7C8-ACD9-4882-8EC1-25585AEBB6CA}.Debug|Mixed Platforms.ActiveCfg = Debug|x86
		{AC8EC7C8-ACD9-4882-8EC1-25585AEBB6CA}.Debug|Mixed Platforms.Build.0 = Debug|x86
		{AC8EC7C8-ACD9-4882-8EC1-25585AEBB6CA}.Debug|x86.ActiveCfg = Debug|x86
		{AC8EC7C8-ACD9-4882-8EC1-25585AEBB6CA}.Debug|x86.Build.0 = Debug|x86
		{AC8EC7C8-ACD9-4882-8EC1-25585AEBB6CA}.Release|Any CPU.ActiveCfg = Release|x86
		{AC8EC7C8-ACD9-4882-8EC1-25585AEBB6CA}.Release|Mixed Platforms.ActiveCfg = Release|x86
		{AC8EC7C8-ACD9-4882-8EC1-25585AEBB6CA}.Release|Mixed Platforms.Build.0 = Release|x86
		{AC8EC7C8-ACD9-4882-8EC1-25585AEBB6CA}.Release|x86.ActiveCfg = Release|x86
		{AC8EC7C8-ACD9-4882-8EC1-25585AEBB6CA}.Release|x86.Build.0 = Release|x86
		{B734511C-A148-43C3-8165-71FBA859393E}.Debug|Any CPU.ActiveCfg = Debug|x86
		{B734511C-A148-43C3-8165-71FBA859393E}.Debug|Mixed Platforms.ActiveCfg = Debug|x86
		{B734511C-A148-43C3-8165-71FBA859393E}.Debug|Mixed Platforms.Build.0 = Debug|x86
		{B734511C-A148-43C3-8165-71FBA859393E}.Debug|x86.ActiveCfg = Debug|x86
		{B734511C-A148-43C3-8165-71FBA859393E}.Debug|x86.Build.0 = Debug|x86
		{B734511C-A148-43C3-8165-71FBA859393E}.Release|Any CPU.ActiveCfg = Release|x86
		{B734511C-A148-43C3-8165-71FBA859393E}.Release|Mixed Platforms.ActiveCfg = Release|x86
		{B734511C-A148-43C3-8165-71FBA859393E}.Release|Mixed Platforms.Build.0 = Release|x86
		{B734511C-A148-43C3-8165-71FBA859393E}.Release|x86.ActiveCfg = Release|x86
		{B734511C-A148-43C3-8165-71FBA859393E}.Release|x86.Build.0 = Release|x86
		{293F05F6-5B1E-46CE-8733-DDABDF629091}.Debug|Any CPU.ActiveCfg = Debug|x86
		{293F05F6-5B1E-46CE-8733-DDABDF629091}.Debug|Mixed Platforms.ActiveCfg = Debug|x86
		{293F05F6-5B1E-46CE-8733-DDABDF629091}.Debug|Mixed Platforms.Build.0 = Debug|x86
		{293F05F6-5B1E-46CE-8733-DDABDF629091}.Debug|x86.ActiveCfg = Debug|x86
		{293F05F6-5B1E-46CE-8733-DDABDF629091}.Debug|x86.Build.0 = Debug|x86
		{293F05F6-5B1E-46CE-8733-DDABDF629091}.Release|Any CPU.ActiveCfg = Release|x86
		{293F05F6-5B1E-46CE-8733-DDABDF629091}.Release|Mixed Platforms.ActiveCfg = Release|x86
		{293F05F6-5B1E-46CE-8733-DDABDF629091}.Release|Mixed Platforms.Build.0 = Release|x86
		{293F05F6-5B1E-46CE-8733-DDABDF629091}.Release|x86.ActiveCfg = Release|x86
		{293F05F6-5B1E-46CE-8733-DDABDF629091}.Release|x86.Build.0 = Release|x86
		{A640D769-B8BB-4245-9AD3-B65B64264A95}.Debug|Any CPU.ActiveCfg = Debug|x86
		{A640D769-B8BB-4245-9AD3-B65B64264A95}.Debug|Mixed Platforms.ActiveCfg = Debug|x86
		{A640D769-B8BB-4245-9AD3-B65B64264A95}.Debug|Mixed Platforms.Build.0 = Debug|x86
		{A640D769-B8BB-4245-9AD3-B65B64264A95}.Debug|x86.ActiveCfg = Debug|x86
		{A640D769-B8BB-4245-9AD3-B65B64264A95}.Debug|x86.Build.0 = Debug|x86
		{A640D769-B8BB-4245-9AD3-B65B64264A95}.Release|Any CPU.ActiveCfg = Release|x86
		{A640D769-B8BB-4245-9AD3-B65B64264A95}.Release|Mixed Platforms.ActiveCfg = Release|x86
		{A640D769-B8BB-4245-9AD3-B65B64264A95}.Release|Mixed Platforms.Build.0 = Release|x86
		{A640D769-B8BB-4245-9AD3-B65B64264A95}.Release|x86.ActiveCfg = Release|x86
		{A640D769-B8BB-4245-9AD3-B65B64264A95}.Release|x86.Build.0 = Release|x86
		{7F1474B6-D0CE-46DD-82DB-B563D3A644A8}.Debug|Any CPU.ActiveCfg = Debug|x86
		{7F1474B6-D0CE-46DD-82DB-B563D3A644A8}.Debug|Mixed Platforms.ActiveCfg = Debug|x86
		{7F1474B6-D0CE-46DD-82DB-B563D3A644A8}.Debug|Mixed Platforms.Build.0 = Debug|x86
		{7F1474B6-D0CE-46DD-82DB-B563D3A644A8}.Debug|x86.ActiveCfg = Debug|x86
		{7F1474B6-D0CE-46DD-82DB-B563D3A644A8}.Debug|x86.Build.0 = Debug|x86
		{7F1474B6-D0CE-46DD-82DB-B563D3A644A8}.Release|Any CPU.ActiveCfg = Release|x86
		{7F1474B6-D0CE-46DD-82DB-B563D3A644A8}.Release|Mixed Platforms.ActiveCfg = Release|x86
		{7F1474B6-D0CE-46DD-82DB-B563D3A644A8}.Release|Mixed Platforms.Build.0 = Release|x86
		{7F1474B6-D0CE-46DD-82DB-B563D3A644A8}.Release|x86.ActiveCfg = Release|x86
		{7F1474B6-D0CE-46DD-82DB-B563D3A644A8}.Release|x86.Build.0 = Release|x86
		{8DCF16F5-8459-4364-92AF-F1FD2067380E}.Debug|Any CPU.ActiveCfg = Debug|x86
		{8DCF16F5-8459-4364-92AF-F1FD2067380E}.Debug|Mixed Platforms.ActiveCfg = Debug|x86
		{8DCF16F5-8459-4364-92AF-F1FD2067380E}.Debug|Mixed Platforms.Build.0 = Debug|x86
		{8DCF16F5-8459-4364-92AF-F1FD2067380E}.Debug|x86.ActiveCfg = Debug|x86
		{8DCF16F5-8459-4364-92AF-F1FD2067380E}.Debug|x86.Build.0 = Debug|x86
		{8DCF16F5-8459-4364-92AF-F1FD2067380E}.Release|Any CPU.ActiveCfg = Release|x86
		{8DCF16F5-8459-4364-92AF-F1FD2067380E}.Release|Mixed Platforms.ActiveCfg = Release|x86
		{8DCF16F5-8459-4364-92AF-F1FD2067380E}.Release|Mixed Platforms.Build.0 = Release|x86
		{8DCF16F5-8459-4364-92AF-F1FD2067380E}.Release|x86.ActiveCfg = Release|x86
		{8DCF16F5-8459-4364-92AF-F1FD2067380E}.Release|x86.Build.0 = Release|x86
		{48D72EC4-0A95-4561-909B-5973DF979CB1}.Debug|Any CPU.ActiveCfg = Debug|x86
		{48D72EC4-0A95-4561-909B-5973DF979CB1}.Debug|Mixed Platforms.ActiveCfg = Debug|x86
		{48D72EC4-0A95-4561-909B-5973DF979CB1}.Debug|Mixed Platforms.Build.0 = Debug|x86
		{48D72EC4-0A95-4561-909B-5973DF979CB1}.Debug|x86.ActiveCfg = Debug|x86
		{48D72EC4-0A95-4561-909B-5973DF979CB1}.Debug|x86.Build.0 = Debug|x86
		{48D72EC4-0A95-4561-909B-5973DF979CB1}.Release|Any CPU.ActiveCfg = Release|x86
		{48D72EC4-0A95-4561-909B-5973DF979CB1}.Release|Mixed Platforms.ActiveCfg = Release|x86
		{48D72EC4-0A95-4561-909B-5973DF979CB1}.Release|Mixed Platforms.Build.0 = Release|x86
		{48D72EC4-0A95-4561-909B-5973DF979CB1}.Release|x86.ActiveCfg = Release|x86
		{48D72EC4-0A95-4561-909B-5973DF979CB1}.Release|x86.Build.0 = Release|x86
		{378D9ADC-A71F-4F30-9841-3750AFD48D77}.Debug|Any CPU.ActiveCfg = Debug|x86
		{378D9ADC-A71F-4F30-9841-3750AFD48D77}.Debug|Mixed Platforms.ActiveCfg = Debug|x86
		{378D9ADC-A71F-4F30-9841-3750AFD48D77}.Debug|Mixed Platforms.Build.0 = Debug|x86
		{378D9ADC-A71F-4F30-9841-3750AFD48D77}.Debug|x86.ActiveCfg = Debug|x86
		{378D9ADC-A71F-4F30-9841-3750AFD48D77}.Debug|x86.Build.0 = Debug|x86
		{378D9ADC-A71F-4F30-9841-3750AFD48D77}.Release|Any CPU.ActiveCfg = Release|x86
		{378D9ADC-A71F-4F30-9841-3750AFD48D77}.Release|Mixed Platforms.ActiveCfg = Release|x86
		{378D9ADC-A71F-4F30-9841-3750AFD48D77}.Release|Mixed Platforms.Build.0 = Release|x86
		{378D9ADC-A71F-4F30-9841-3750AFD48D77}.Release|x86.ActiveCfg = Release|x86
		{378D9ADC-A71F-4F30-9841-3750AFD48D77}.Release|x86.Build.0 = Release|x86
		{68084A0F-7D2D-4A51-9922-96E88F75BBA8}.Debug|Any CPU.ActiveCfg = Debug|x86
		{68084A0F-7D2D-4A51-9922-96E88F75BBA8}.Debug|Mixed Platforms.ActiveCfg = Debug|x86
		{68084A0F-7D2D-4A51-9922-96E88F75BBA8}.Debug|Mixed Platforms.Build.0 = Debug|x86
		{68084A0F-7D2D-4A51-9922-96E88F75BBA8}.Debug|x86.ActiveCfg = Debug|x86
		{68084A0F-7D2D-4A51-9922-96E88F75BBA8}.Debug|x86.Build.0 = Debug|x86
		{68084A0F-7D2D-4A51-9922-96E88F75BBA8}.Release|Any CPU.ActiveCfg = Release|x86
		{68084A0F-7D2D-4A51-9922-96E88F75BBA8}.Release|Mixed Platforms.ActiveCfg = Release|x86
		{68084A0F-7D2D-4A51-9922-96E88F75BBA8}.Release|Mixed Platforms.Build.0 = Release|x86
		{68084A0F-7D2D-4A51-9922-96E88F75BBA8}.Release|x86.ActiveCfg = Release|x86
		{68084A0F-7D2D-4A51-9922-96E88F75BBA8}.Release|x86.Build.0 = Release|x86
		{A26A4B79-6571-4B26-BEA7-380ABE5B4B8E}.Debug|Any CPU.ActiveCfg = Debug|x86
		{A26A4B79-6571-4B26-BEA7-380ABE5B4B8E}.Debug|Mixed Platforms.ActiveCfg = Debug|x86
		{A26A4B79-6571-4B26-BEA7-380ABE5B4B8E}.Debug|Mixed Platforms.Build.0 = Debug|x86
		{A26A4B79-6571-4B26-BEA7-380ABE5B4B8E}.Debug|x86.ActiveCfg = Debug|x86
		{A26A4B79-6571-4B26-BEA7-380ABE5B4B8E}.Debug|x86.Build.0 = Debug|x86
		{A26A4B79-6571-4B26-BEA7-380ABE5B4B8E}.Release|Any CPU.ActiveCfg = Release|x86
		{A26A4B79-6571-4B26-BEA7-380ABE5B4B8E}.Release|Mixed Platforms.ActiveCfg = Release|x86
		{A26A4B79-6571-4B26-BEA7-380ABE5B4B8E}.Release|Mixed Platforms.Build.0 = Release|x86
		{A26A4B79-6571-4B26-BEA7-380ABE5B4B8E}.Release|x86.ActiveCfg = Release|x86
		{A26A4B79-6571-4B26-BEA7-380ABE5B4B8E}.Release|x86.Build.0 = Release|x86
		{834A379B-A9C4-41EB-8F56-F08E9A2A60A4}.Debug|Any CPU.ActiveCfg = Debug|x86
		{834A379B-A9C4-41EB-8F56-F08E9A2A60A4}.Debug|Mixed Platforms.ActiveCfg = Debug|x86
		{834A379B-A9C4-41EB-8F56-F08E9A2A60A4}.Debug|Mixed Platforms.Build.0 = Debug|x86
		{834A379B-A9C4-41EB-8F56-F08E9A2A60A4}.Debug|x86.ActiveCfg = Debug|x86
		{834A379B-A9C4-41EB-8F56-F08E9A2A60A4}.Debug|x86.Build.0 = Debug|x86
		{834A379B-A9C4-41EB-8F56-F08E9A2A60A4}.Release|Any CPU.ActiveCfg = Release|x86
		{834A379B-A9C4-41EB-8F56-F08E9A2A60A4}.Release|Mixed Platforms.ActiveCfg = Release|x86
		{834A379B-A9C4-41EB-8F56-F08E9A2A60A4}.Release|Mixed Platforms.Build.0 = Release|x86
		{834A379B-A9C4-41EB-8F56-F08E9A2A60A4}.Release|x86.ActiveCfg = Release|x86
		{834A379B-A9C4-41EB-8F56-F08E9A2A60A4}.Release|x86.Build.0 = Release|x86
		{61B947C3-3801-4CE9-BACB-E69851C8CD4E}.Debug|Any CPU.ActiveCfg = Debug|x86
		{61B947C3-3801-4CE9-BACB-E69851C8CD4E}.Debug|Mixed Platforms.ActiveCfg = Debug|x86
		{61B947C3-3801-4CE9-BACB-E69851C8CD4E}.Debug|Mixed Platforms.Build.0 = Debug|x86
		{61B947C3-3801-4CE9-BACB-E69851C8CD4E}.Debug|x86.ActiveCfg = Debug|x86
		{61B947C3-3801-4CE9-BACB-E69851C8CD4E}.Debug|x86.Build.0 = Debug|x86
		{61B947C3-3801-4CE9-BACB-E69851C8CD4E}.Release|Any CPU.ActiveCfg = Release|x86
		{61B947C3-3801-4CE9-BACB-E69851C8CD4E}.Release|Mixed Platforms.ActiveCfg = Release|x86
		{61B947C3-3801-4CE9-BACB-E69851C8CD4E}.Release|Mixed Platforms.Build.0 = Release|x86
		{61B947C3-3801-4CE9-BACB-E69851C8CD4E}.Release|x86.ActiveCfg = Release|x86
		{61B947C3-3801-4CE9-BACB-E69851C8CD4E}.Release|x86.Build.0 = Release|x86
		{B26CD5D1-63CA-4A35-970A-8593E5C071E5}.Debug|Any CPU.ActiveCfg = Debug|x86
		{B26CD5D1-63CA-4A35-970A-8593E5C071E5}.Debug|Mixed Platforms.ActiveCfg = Debug|x86
		{B26CD5D1-63CA-4A35-970A-8593E5C071E5}.Debug|Mixed Platforms.Build.0 = Debug|x86
		{B26CD5D1-63CA-4A35-970A-8593E5C071E5}.Debug|x86.ActiveCfg = Debug|x86
		{B26CD5D1-63CA-4A35-970A-8593E5C071E5}.Debug|x86.Build.0 = Debug|x86
		{B26CD5D1-63CA-4A35-970A-8593E5C071E5}.Release|Any CPU.ActiveCfg = Release|x86
		{B26CD5D1-63CA-4A35-970A-8593E5C071E5}.Release|Mixed Platforms.ActiveCfg = Release|x86
		{B26CD5D1-63CA-4A35-970A-8593E5C071E5}.Release|Mixed Platforms.Build.0 = Release|x86
		{B26CD5D1-63CA-4A35-970A-8593E5C071E5}.Release|x86.ActiveCfg = Release|x86
		{B26CD5D1-63CA-4A35-970A-8593E5C071E5}.Release|x86.Build.0 = Release|x86
		{7D6F0C00-F257-461A-894F-31CC971D3136}.Debug|Any CPU.ActiveCfg = Debug|x86
		{7D6F0C00-F257-461A-894F-31CC971D3136}.Debug|Mixed Platforms.ActiveCfg = Debug|x86
		{7D6F0C00-F257-461A-894F-31CC971D3136}.Debug|Mixed Platforms.Build.0 = Debug|x86
		{7D6F0C00-F257-461A-894F-31CC971D3136}.Debug|x86.ActiveCfg = Debug|x86
		{7D6F0C00-F257-461A-894F-31CC971D3136}.Debug|x86.Build.0 = Debug|x86
		{7D6F0C00-F257-461A-894F-31CC971D3136}.Release|Any CPU.ActiveCfg = Release|x86
		{7D6F0C00-F257-461A-894F-31CC971D3136}.Release|Mixed Platforms.ActiveCfg = Release|x86
		{7D6F0C00-F257-461A-894F-31CC971D3136}.Release|Mixed Platforms.Build.0 = Release|x86
		{7D6F0C00-F257-461A-894F-31CC971D3136}.Release|x86.ActiveCfg = Release|x86
		{7D6F0C00-F257-461A-894F-31CC971D3136}.Release|x86.Build.0 = Release|x86
		{5FAB499D-8E2B-4ABE-9E0E-B3B9CB9A4A2E}.Debug|Any CPU.ActiveCfg = Debug|x86
		{5FAB499D-8E2B-4ABE-9E0E-B3B9CB9A4A2E}.Debug|Mixed Platforms.ActiveCfg = Debug|x86
		{5FAB499D-8E2B-4ABE-9E0E-B3B9CB9A4A2E}.Debug|Mixed Platforms.Build.0 = Debug|x86
		{5FAB499D-8E2B-4ABE-9E0E-B3B9CB9A4A2E}.Debug|x86.ActiveCfg = Debug|x86
		{5FAB499D-8E2B-4ABE-9E0E-B3B9CB9A4A2E}.Debug|x86.Build.0 = Debug|x86
		{5FAB499D-8E2B-4ABE-9E0E-B3B9CB9A4A2E}.Release|Any CPU.ActiveCfg = Release|x86
		{5FAB499D-8E2B-4ABE-9E0E-B3B9CB9A4A2E}.Release|Mixed Platforms.ActiveCfg = Release|x86
		{5FAB499D-8E2B-4ABE-9E0E-B3B9CB9A4A2E}.Release|Mixed Platforms.Build.0 = Release|x86
		{5FAB499D-8E2B-4ABE-9E0E-B3B9CB9A4A2E}.Release|x86.ActiveCfg = Release|x86
		{5FAB499D-8E2B-4ABE-9E0E-B3B9CB9A4A2E}.Release|x86.Build.0 = Release|x86
		{4918039A-2E94-4DE0-93AD-56A353FDAE4D}.Debug|Any CPU.ActiveCfg = Debug|x86
		{4918039A-2E94-4DE0-93AD-56A353FDAE4D}.Debug|Mixed Platforms.ActiveCfg = Debug|x86
		{4918039A-2E94-4DE0-93AD-56A353FDAE4D}.Debug|Mixed Platforms.Build.0 = Debug|x86
		{4918039A-2E94-4DE0-93AD-56A353FDAE4D}.Debug|x86.ActiveCfg = Debug|x86
		{4918039A-2E94-4DE0-93AD-56A353FDAE4D}.Debug|x86.Build.0 = Debug|x86
		{4918039A-2E94-4DE0-93AD-56A353FDAE4D}.Release|Any CPU.ActiveCfg = Release|x86
		{4918039A-2E94-4DE0-93AD-56A353FDAE4D}.Release|Mixed Platforms.ActiveCfg = Release|x86
		{4918039A-2E94-4DE0-93AD-56A353FDAE4D}.Release|Mixed Platforms.Build.0 = Release|x86
		{4918039A-2E94-4DE0-93AD-56A353FDAE4D}.Release|x86.ActiveCfg = Release|x86
		{4918039A-2E94-4DE0-93AD-56A353FDAE4D}.Release|x86.Build.0 = Release|x86
		{9EE8AC9B-A7E9-46A6-84F8-6FC892B037EA}.Debug|Any CPU.ActiveCfg = Debug|x86
		{9EE8AC9B-A7E9-46A6-84F8-6FC892B037EA}.Debug|Mixed Platforms.ActiveCfg = Debug|x86
		{9EE8AC9B-A7E9-46A6-84F8-6FC892B037EA}.Debug|Mixed Platforms.Build.0 = Debug|x86
		{9EE8AC9B-A7E9-46A6-84F8-6FC892B037EA}.Debug|x86.ActiveCfg = Debug|x86
		{9EE8AC9B-A7E9-46A6-84F8-6FC892B037EA}.Debug|x86.Build.0 = Debug|x86
		{9EE8AC9B-A7E9-46A6-84F8-6FC892B037EA}.Release|Any CPU.ActiveCfg = Release|x86
		{9EE8AC9B-A7E9-46A6-84F8-6FC892B037EA}.Release|Mixed Platforms.ActiveCfg = Release|x86
		{9EE8AC9B-A7E9-46A6-84F8-6FC892B037EA}.Release|Mixed Platforms.Build.0 = Release|x86
		{9EE8AC9B-A7E9-46A6-84F8-6FC892B037EA}.Release|x86.ActiveCfg = Release|x86
		{9EE8AC9B-A7E9-46A6-84F8-6FC892B037EA}.Release|x86.Build.0 = Release|x86
		{1B67104D-AFB4-40FE-A77E-8A849D1CA462}.Debug|Any CPU.ActiveCfg = Debug|x86
		{1B67104D-AFB4-40FE-A77E-8A849D1CA462}.Debug|Mixed Platforms.ActiveCfg = Debug|x86
		{1B67104D-AFB4-40FE-A77E-8A849D1CA462}.Debug|Mixed Platforms.Build.0 = Debug|x86
		{1B67104D-AFB4-40FE-A77E-8A849D1CA462}.Debug|x86.ActiveCfg = Debug|x86
		{1B67104D-AFB4-40FE-A77E-8A849D1CA462}.Debug|x86.Build.0 = Debug|x86
		{1B67104D-AFB4-40FE-A77E-8A849D1CA462}.Release|Any CPU.ActiveCfg = Release|x86
		{1B67104D-AFB4-40FE-A77E-8A849D1CA462}.Release|Mixed Platforms.ActiveCfg = Release|x86
		{1B67104D-AFB4-40FE-A77E-8A849D1CA462}.Release|Mixed Platforms.Build.0 = Release|x86
		{1B67104D-AFB4-40FE-A77E-8A849D1CA462}.Release|x86.ActiveCfg = Release|x86
		{1B67104D-AFB4-40FE-A77E-8A849D1CA462}.Release|x86.Build.0 = Release|x86
		{1FA22906-8072-4213-9300-7DD6FE00C20E}.Debug|Any CPU.ActiveCfg = Debug|x86
		{1FA22906-8072-4213-9300-7DD6FE00C20E}.Debug|Mixed Platforms.ActiveCfg = Debug|x86
		{1FA22906-8072-4213-9300-7DD6FE00C20E}.Debug|Mixed Platforms.Build.0 = Debug|x86
		{1FA22906-8072-4213-9300-7DD6FE00C20E}.Debug|x86.ActiveCfg = Debug|x86
		{1FA22906-8072-4213-9300-7DD6FE00C20E}.Debug|x86.Build.0 = Debug|x86
		{1FA22906-8072-4213-9300-7DD6FE00C20E}.Release|Any CPU.ActiveCfg = Release|x86
		{1FA22906-8072-4213-9300-7DD6FE00C20E}.Release|Mixed Platforms.ActiveCfg = Release|x86
		{1FA22906-8072-4213-9300-7DD6FE00C20E}.Release|Mixed Platforms.Build.0 = Release|x86
		{1FA22906-8072-4213-9300-7DD6FE00C20E}.Release|x86.ActiveCfg = Release|x86
		{1FA22906-8072-4213-9300-7DD6FE00C20E}.Release|x86.Build.0 = Release|x86
		{076053AA-491E-45BB-ACEF-8335D9346B7B}.Debug|Any CPU.ActiveCfg = Debug|x86
		{076053AA-491E-45BB-ACEF-8335D9346B7B}.Debug|Mixed Platforms.ActiveCfg = Debug|x86
		{076053AA-491E-45BB-ACEF-8335D9346B7B}.Debug|Mixed Platforms.Build.0 = Debug|x86
		{076053AA-491E-45BB-ACEF-8335D9346B7B}.Debug|x86.ActiveCfg = Debug|x86
		{076053AA-491E-45BB-ACEF-8335D9346B7B}.Debug|x86.Build.0 = Debug|x86
		{076053AA-491E-45BB-ACEF-8335D9346B7B}.Release|Any CPU.ActiveCfg = Release|x86
		{076053AA-491E-45BB-ACEF-8335D9346B7B}.Release|Mixed Platforms.ActiveCfg = Release|x86
		{076053AA-491E-45BB-ACEF-8335D9346B7B}.Release|Mixed Platforms.Build.0 = Release|x86
		{076053AA-491E-45BB-ACEF-8335D9346B7B}.Release|x86.ActiveCfg = Release|x86
		{076053AA-491E-45BB-ACEF-8335D9346B7B}.Release|x86.Build.0 = Release|x86
		{A93F7CA3-842C-48B9-BF71-3370B05D179C}.Debug|Any CPU.ActiveCfg = Debug|Any CPU
		{A93F7CA3-842C-48B9-BF71-3370B05D179C}.Debug|Any CPU.Build.0 = Debug|Any CPU
		{A93F7CA3-842C-48B9-BF71-3370B05D179C}.Debug|Mixed Platforms.ActiveCfg = Debug|Any CPU
		{A93F7CA3-842C-48B9-BF71-3370B05D179C}.Debug|Mixed Platforms.Build.0 = Debug|Any CPU
		{A93F7CA3-842C-48B9-BF71-3370B05D179C}.Debug|x86.ActiveCfg = Debug|Any CPU
		{A93F7CA3-842C-48B9-BF71-3370B05D179C}.Release|Any CPU.ActiveCfg = Release|Any CPU
		{A93F7CA3-842C-48B9-BF71-3370B05D179C}.Release|Any CPU.Build.0 = Release|Any CPU
		{A93F7CA3-842C-48B9-BF71-3370B05D179C}.Release|Mixed Platforms.ActiveCfg = Release|Any CPU
		{A93F7CA3-842C-48B9-BF71-3370B05D179C}.Release|Mixed Platforms.Build.0 = Release|Any CPU
		{A93F7CA3-842C-48B9-BF71-3370B05D179C}.Release|x86.ActiveCfg = Release|Any CPU
	EndGlobalSection
	GlobalSection(SolutionProperties) = preSolution
		HideSolutionNode = FALSE
	EndGlobalSection
EndGlobal
